{
    "_readme": [
        "This file locks the dependencies of your project to a known state",
        "Read more about it at https://getcomposer.org/doc/01-basic-usage.md#composer-lock-the-lock-file",
        "This file is @generated automatically"
    ],
    "content-hash": "161366e171e1471e5d722ae7de7b8590",
    "packages": [
        {
            "name": "cmfcmf/openweathermap-php-api",
            "version": "v2.1.2",
            "source": {
                "type": "git",
                "url": "https://github.com/cmfcmf/OpenWeatherMap-PHP-Api.git",
                "reference": "31465dc48b46d5273cb3ca1e559c1eb801665011"
            },
            "dist": {
                "type": "zip",
                "url": "https://api.github.com/repos/cmfcmf/OpenWeatherMap-PHP-Api/zipball/31465dc48b46d5273cb3ca1e559c1eb801665011",
                "reference": "31465dc48b46d5273cb3ca1e559c1eb801665011",
                "shasum": ""
            },
            "require": {
                "php": ">=5.3.0"
            },
            "type": "library",
            "autoload": {
                "psr-4": {
                    "Cmfcmf\\": "Cmfcmf"
                }
            },
            "notification-url": "https://packagist.org/downloads/",
            "license": [
                "MIT"
            ],
            "authors": [
                {
                    "name": "Christian Flach (cmfcmf)",
                    "email": "cmfcmf.flach@gmail.com",
                    "homepage": "http://cmfcmf.github.io",
                    "role": "Developer"
                }
            ],
            "description": "A php api to parse weather data from OpenWeatherMap.org. This api tries to normalise and abstract the data and remove inconsistencies.",
            "homepage": "https://github.com/cmfcmf/OpenWeatherMap-PHP-Api",
            "keywords": [
                "OpenWeatherMap",
                "weather",
                "weather api"
            ],
            "time": "2016-10-17T10:03:11+00:00"
        },
        {
            "name": "container-interop/container-interop",
            "version": "1.1.0",
            "source": {
                "type": "git",
                "url": "https://github.com/container-interop/container-interop.git",
                "reference": "fc08354828f8fd3245f77a66b9e23a6bca48297e"
            },
            "dist": {
                "type": "zip",
                "url": "https://api.github.com/repos/container-interop/container-interop/zipball/fc08354828f8fd3245f77a66b9e23a6bca48297e",
                "reference": "fc08354828f8fd3245f77a66b9e23a6bca48297e",
                "shasum": ""
            },
            "type": "library",
            "autoload": {
                "psr-4": {
                    "Interop\\Container\\": "src/Interop/Container/"
                }
            },
            "notification-url": "https://packagist.org/downloads/",
            "license": [
                "MIT"
            ],
            "description": "Promoting the interoperability of container objects (DIC, SL, etc.)",
            "time": "2014-12-30T15:22:37+00:00"
        },
        {
            "name": "filp/whoops",
            "version": "2.1.5",
            "source": {
                "type": "git",
                "url": "https://github.com/filp/whoops.git",
                "reference": "2abce9d956589122c6443d6265f01cf7e9388e3c"
            },
            "dist": {
                "type": "zip",
                "url": "https://api.github.com/repos/filp/whoops/zipball/2abce9d956589122c6443d6265f01cf7e9388e3c",
                "reference": "2abce9d956589122c6443d6265f01cf7e9388e3c",
                "shasum": ""
            },
            "require": {
                "php": "^5.5.9 || ^7.0"
            },
            "require-dev": {
                "mockery/mockery": "0.9.*",
                "phpunit/phpunit": "^4.8 || ^5.0",
                "symfony/var-dumper": "^2.6 || ^3.0"
            },
            "suggest": {
                "symfony/var-dumper": "Pretty print complex values better with var-dumper available",
                "whoops/soap": "Formats errors as SOAP responses"
            },
            "type": "library",
            "extra": {
                "branch-alias": {
                    "dev-master": "2.0-dev"
                }
            },
            "autoload": {
                "psr-4": {
                    "Whoops\\": "src/Whoops/"
                }
            },
            "notification-url": "https://packagist.org/downloads/",
            "license": [
                "MIT"
            ],
            "authors": [
                {
                    "name": "Filipe Dobreira",
                    "homepage": "https://github.com/filp",
                    "role": "Developer"
                }
            ],
            "description": "php error handling for cool kids",
            "homepage": "https://filp.github.io/whoops/",
            "keywords": [
                "error",
                "exception",
                "handling",
                "library",
                "whoops",
                "zf2"
            ],
            "time": "2016-12-26T16:13:31+00:00"
        },
        {
            "name": "hassankhan/config",
            "version": "0.10.0",
            "source": {
                "type": "git",
                "url": "https://github.com/hassankhan/config.git",
                "reference": "06ac500348af033f1a2e44dc357ca86282626d4a"
            },
            "dist": {
                "type": "zip",
                "url": "https://api.github.com/repos/hassankhan/config/zipball/06ac500348af033f1a2e44dc357ca86282626d4a",
                "reference": "06ac500348af033f1a2e44dc357ca86282626d4a",
                "shasum": ""
            },
            "require": {
                "php": ">=5.3.0"
            },
            "require-dev": {
                "phpunit/phpunit": "~4.0",
                "scrutinizer/ocular": "~1.1",
                "squizlabs/php_codesniffer": "~2.2"
            },
            "suggest": {
                "symfony/yaml": "~2.5"
            },
            "type": "library",
            "autoload": {
                "psr-4": {
                    "Noodlehaus\\": "src"
                }
            },
            "notification-url": "https://packagist.org/downloads/",
            "license": [
                "MIT"
            ],
            "authors": [
                {
                    "name": "Hassan Khan",
                    "homepage": "http://hassankhan.me/",
                    "role": "Developer"
                }
            ],
            "description": "Lightweight configuration file loader that supports PHP, INI, XML, JSON, and YAML files",
            "homepage": "http://hassankhan.me/config/",
            "keywords": [
                "config",
                "configuration",
                "ini",
                "json",
                "microphp",
                "unframework",
                "xml",
                "yaml",
                "yml"
            ],
            "time": "2016-02-11T16:21:17+00:00"
        },
        {
            "name": "jwhennessey/phpinsight",
            "version": "v2.0.9",
            "source": {
                "type": "git",
                "url": "https://github.com/JWHennessey/phpInsight.git",
                "reference": "b89e7a7f418ebd88ae330b889be4dd1d47d4ceaa"
            },
            "dist": {
                "type": "zip",
                "url": "https://api.github.com/repos/JWHennessey/phpInsight/zipball/b89e7a7f418ebd88ae330b889be4dd1d47d4ceaa",
                "reference": "b89e7a7f418ebd88ae330b889be4dd1d47d4ceaa",
                "shasum": ""
            },
            "require": {
                "php": ">=5.3.0"
            },
            "type": "library",
            "autoload": {
                "psr-0": {
                    "PHPInsight": "lib/"
                }
            },
            "notification-url": "https://packagist.org/downloads/",
            "license": [
                "GPLv3 or later"
            ],
            "authors": [
                {
                    "name": "James Hennessey"
                }
            ],
            "description": "Sentiment analysis tool for PHP",
            "homepage": "https://github.com/JWHennessey/phpInsight",
            "keywords": [
                "insight",
                "phpinsight",
                "sentiment"
            ],
            "time": "2015-06-20T03:38:20+00:00"
        },
        {
            "name": "league/climate",
            "version": "3.2.1",
            "source": {
                "type": "git",
                "url": "https://github.com/thephpleague/climate.git",
                "reference": "b103fc8faa3780c802cc507d5f0ff534ecc94fb5"
            },
            "dist": {
                "type": "zip",
                "url": "https://api.github.com/repos/thephpleague/climate/zipball/b103fc8faa3780c802cc507d5f0ff534ecc94fb5",
                "reference": "b103fc8faa3780c802cc507d5f0ff534ecc94fb5",
                "shasum": ""
            },
            "require": {
                "php": ">=5.4.0",
                "seld/cli-prompt": "~1.0"
            },
            "require-dev": {
                "mikey179/vfsstream": "~1.4",
                "mockery/mockery": "~0.9",
                "phpunit/phpunit": "~4.6"
            },
            "type": "library",
            "autoload": {
                "psr-4": {
                    "League\\CLImate\\": "src/"
                }
            },
            "notification-url": "https://packagist.org/downloads/",
            "license": [
                "MIT"
            ],
            "authors": [
                {
                    "name": "Joe Tannenbaum",
                    "email": "hey@joe.codes",
                    "homepage": "http://joe.codes/",
                    "role": "Developer"
                }
            ],
            "description": "PHP's best friend for the terminal. CLImate allows you to easily output colored text, special formats, and more.",
            "keywords": [
                "cli",
                "colors",
                "command",
                "php",
                "terminal"
            ],
            "time": "2016-04-04T20:24:59+00:00"
        },
        {
            "name": "league/container",
            "version": "2.2.0",
            "source": {
                "type": "git",
                "url": "https://github.com/thephpleague/container.git",
                "reference": "c0e7d947b690891f700dc4967ead7bdb3d6708c1"
            },
            "dist": {
                "type": "zip",
                "url": "https://api.github.com/repos/thephpleague/container/zipball/c0e7d947b690891f700dc4967ead7bdb3d6708c1",
                "reference": "c0e7d947b690891f700dc4967ead7bdb3d6708c1",
                "shasum": ""
            },
            "require": {
                "container-interop/container-interop": "^1.1",
                "php": ">=5.4.0"
            },
            "provide": {
                "container-interop/container-interop-implementation": "^1.1"
            },
            "replace": {
                "orno/di": "~2.0"
            },
            "require-dev": {
                "phpunit/phpunit": "4.*"
            },
            "type": "library",
            "extra": {
                "branch-alias": {
                    "dev-master": "2.x-dev",
                    "dev-1.x": "1.x-dev"
                }
            },
            "autoload": {
                "psr-4": {
                    "League\\Container\\": "src"
                }
            },
            "notification-url": "https://packagist.org/downloads/",
            "license": [
                "MIT"
            ],
            "authors": [
                {
                    "name": "Phil Bennett",
                    "email": "philipobenito@gmail.com",
                    "homepage": "http://www.philipobenito.com",
                    "role": "Developer"
                }
            ],
            "description": "A fast and intuitive dependency injection container.",
            "homepage": "https://github.com/thephpleague/container",
            "keywords": [
                "container",
                "dependency",
                "di",
                "injection",
                "league",
                "provider",
                "service"
            ],
            "time": "2016-03-17T11:07:59+00:00"
        },
        {
            "name": "seld/cli-prompt",
            "version": "1.0.2",
            "source": {
                "type": "git",
                "url": "https://github.com/Seldaek/cli-prompt.git",
                "reference": "8cbe10923cae5bcd7c5a713f6703fc4727c8c1b4"
            },
            "dist": {
                "type": "zip",
                "url": "https://api.github.com/repos/Seldaek/cli-prompt/zipball/8cbe10923cae5bcd7c5a713f6703fc4727c8c1b4",
                "reference": "8cbe10923cae5bcd7c5a713f6703fc4727c8c1b4",
                "shasum": ""
            },
            "require": {
                "php": ">=5.3"
            },
            "type": "library",
            "extra": {
                "branch-alias": {
                    "dev-master": "1.x-dev"
                }
            },
            "autoload": {
                "psr-4": {
                    "Seld\\CliPrompt\\": "src/"
                }
            },
            "notification-url": "https://packagist.org/downloads/",
            "license": [
                "MIT"
            ],
            "authors": [
                {
                    "name": "Jordi Boggiano",
                    "email": "j.boggiano@seld.be"
                }
            ],
            "description": "Allows you to prompt for user input on the command line, and optionally hide the characters they type",
            "keywords": [
                "cli",
                "console",
                "hidden",
                "input",
                "prompt"
            ],
            "time": "2016-04-18T09:31:41+00:00"
        }
    ],
    "packages-dev": [],
    "aliases": [],
    "minimum-stability": "stable",
    "stability-flags": [],
    "prefer-stable": false,
    "prefer-lowest": false,
    "platform": [],
    "platform-dev": []
}
